
Microsoft Visual Studio Solution File, Format Version 12.00
# Visual Studio 14
VisualStudioVersion = 14.0.23107.0
MinimumVisualStudioVersion = 10.0.40219.1
Project("{FAE04EC0-301F-11D3-BF4B-00C04F79EFBC}") = "TFS_Assist", "TFS_Assist\TFS_Assist.csproj", "{35615F30-54F8-46C8-AEA5-0E85E459DECB}"
EndProject
Project("{FAE04EC0-301F-11D3-BF4B-00C04F79EFBC}") = "BigFileService", "BigFileDumper\BigFileService.csproj", "{6FD46A12-1DAD-446F-B5CA-0508F6996380}"
EndProject
Global
	GlobalSection(SolutionConfigurationPlatforms) = preSolution
		Debug|Any CPU = Debug|Any CPU
		Release|Any CPU = Release|Any CPU
	EndGlobalSection
	GlobalSection(ProjectConfigurationPlatforms) = postSolution
		{35615F30-54F8-46C8-AEA5-0E85E459DECB}.Debug|Any CPU.ActiveCfg = Debug|Any CPU
		{35615F30-54F8-46C8-AEA5-0E85E459DECB}.Debug|Any CPU.Build.0 = Debug|Any CPU
		{35615F30-54F8-46C8-AEA5-0E85E459DECB}.Release|Any CPU.ActiveCfg = Release|Any CPU
		{35615F30-54F8-46C8-AEA5-0E85E459DECB}.Release|Any CPU.Build.0 = Release|Any CPU
		{6FD46A12-1DAD-446F-B5CA-0508F6996380}.Debug|Any CPU.ActiveCfg = Debug|Any CPU
		{6FD46A12-1DAD-446F-B5CA-0508F6996380}.Debug|Any CPU.Build.0 = Debug|Any CPU
		{6FD46A12-1DAD-446F-B5CA-0508F6996380}.Release|Any CPU.ActiveCfg = Release|Any CPU
		{6FD46A12-1DAD-446F-B5CA-0508F6996380}.Release|Any CPU.Build.0 = Release|Any CPU
	EndGlobalSection
	GlobalSection(SolutionProperties) = preSolution
		HideSolutionNode = FALSE
	EndGlobalSection
EndGlobal
